
Microsoft Visual Studio Solution File, Format Version 12.00
# Visual Studio Version 17
VisualStudioVersion = 17.0.31903.59
MinimumVisualStudioVersion = 10.0.40219.1
Project("{FAE04EC0-301F-11D3-BF4B-00C04F79EFBC}") = "Email_Assistant", "Email_Assistant.csproj", "{3C229747-0680-4073-9212-97DE273B8619}"
EndProject
Project("{FAE04EC0-301F-11D3-BF4B-00C04F79EFBC}") = "EmailAssistant.UI", "EmailAssistant.UI\EmailAssistant.UI.csproj", "{A941504C-7258-4919-B2E3-8640CB00EBCA}"
EndProject
Global
	GlobalSection(SolutionConfigurationPlatforms) = preSolution
		Debug|Any CPU = Debug|Any CPU
		Debug|x64 = Debug|x64
		Debug|x86 = Debug|x86
		Release|Any CPU = Release|Any CPU
		Release|x64 = Release|x64
		Release|x86 = Release|x86
	EndGlobalSection
	GlobalSection(ProjectConfigurationPlatforms) = postSolution
		{3C229747-0680-4073-9212-97DE273B8619}.Debug|Any CPU.ActiveCfg = Debug|Any CPU
		{3C229747-0680-4073-9212-97DE273B8619}.Debug|Any CPU.Build.0 = Debug|Any CPU
		{3C229747-0680-4073-9212-97DE273B8619}.Debug|x64.ActiveCfg = Debug|Any CPU
		{3C229747-0680-4073-9212-97DE273B8619}.Debug|x64.Build.0 = Debug|Any CPU
		{3C229747-0680-4073-9212-97DE273B8619}.Debug|x86.ActiveCfg = Debug|Any CPU
		{3C229747-0680-4073-9212-97DE273B8619}.Debug|x86.Build.0 = Debug|Any CPU
		{3C229747-0680-4073-9212-97DE273B8619}.Release|Any CPU.ActiveCfg = Release|Any CPU
		{3C229747-0680-4073-9212-97DE273B8619}.Release|Any CPU.Build.0 = Release|Any CPU
		{3C229747-0680-4073-9212-97DE273B8619}.Release|x64.ActiveCfg = Release|Any CPU
		{3C229747-0680-4073-9212-97DE273B8619}.Release|x64.Build.0 = Release|Any CPU
		{3C229747-0680-4073-9212-97DE273B8619}.Release|x86.ActiveCfg = Release|Any CPU
		{3C229747-0680-4073-9212-97DE273B8619}.Release|x86.Build.0 = Release|Any CPU
		{A941504C-7258-4919-B2E3-8640CB00EBCA}.Debug|Any CPU.ActiveCfg = Debug|Any CPU
		{A941504C-7258-4919-B2E3-8640CB00EBCA}.Debug|Any CPU.Build.0 = Debug|Any CPU
		{A941504C-7258-4919-B2E3-8640CB00EBCA}.Debug|x64.ActiveCfg = Debug|Any CPU
		{A941504C-7258-4919-B2E3-8640CB00EBCA}.Debug|x64.Build.0 = Debug|Any CPU
		{A941504C-7258-4919-B2E3-8640CB00EBCA}.Debug|x86.ActiveCfg = Debug|Any CPU
		{A941504C-7258-4919-B2E3-8640CB00EBCA}.Debug|x86.Build.0 = Debug|Any CPU
		{A941504C-7258-4919-B2E3-8640CB00EBCA}.Release|Any CPU.ActiveCfg = Release|Any CPU
		{A941504C-7258-4919-B2E3-8640CB00EBCA}.Release|Any CPU.Build.0 = Release|Any CPU
		{A941504C-7258-4919-B2E3-8640CB00EBCA}.Release|x64.ActiveCfg = Release|Any CPU
		{A941504C-7258-4919-B2E3-8640CB00EBCA}.Release|x64.Build.0 = Release|Any CPU
		{A941504C-7258-4919-B2E3-8640CB00EBCA}.Release|x86.ActiveCfg = Release|Any CPU
		{A941504C-7258-4919-B2E3-8640CB00EBCA}.Release|x86.Build.0 = Release|Any CPU
	EndGlobalSection
	GlobalSection(SolutionProperties) = preSolution
		HideSolutionNode = FALSE
	EndGlobalSection
EndGlobal
